
Microsoft Visual Studio Solution File, Format Version 12.00
# Visual Studio 15
VisualStudioVersion = 15.0.26430.16
MinimumVisualStudioVersion = 10.0.40219.1
Project("{FAE04EC0-301F-11D3-BF4B-00C04F79EFBC}") = "IteratingCrawler", "IteratingCrawler\IteratingCrawler.csproj", "{0CA8B0FB-7C03-497E-8ADD-C94DC2BC26F5}"
EndProject
Global
	GlobalSection(SolutionConfigurationPlatforms) = preSolution
		Debug|Any CPU = Debug|Any CPU
		Release|Any CPU = Release|Any CPU
	EndGlobalSection
	GlobalSection(ProjectConfigurationPlatforms) = postSolution
		{0CA8B0FB-7C03-497E-8ADD-C94DC2BC26F5}.Debug|Any CPU.ActiveCfg = Debug|Any CPU
		{0CA8B0FB-7C03-497E-8ADD-C94DC2BC26F5}.Debug|Any CPU.Build.0 = Debug|Any CPU
		{0CA8B0FB-7C03-497E-8ADD-C94DC2BC26F5}.Release|Any CPU.ActiveCfg = Release|Any CPU
		{0CA8B0FB-7C03-497E-8ADD-C94DC2BC26F5}.Release|Any CPU.Build.0 = Release|Any CPU
	EndGlobalSection
	GlobalSection(SolutionProperties) = preSolution
		HideSolutionNode = FALSE
	EndGlobalSection
EndGlobal
